
Microsoft Visual Studio Solution File, Format Version 12.00
# Visual Studio 14
VisualStudioVersion = 14.0.23107.0
MinimumVisualStudioVersion = 10.0.40219.1
Project("{FAE04EC0-301F-11D3-BF4B-00C04F79EFBC}") = "Panteon.Host.Tests", "Panteon.Host.Tests\Panteon.Host.Tests.csproj", "{6340B301-2BD6-4C40-97A1-486C5F979B21}"
EndProject
Project("{FAE04EC0-301F-11D3-BF4B-00C04F79EFBC}") = "Panteon.Host", "Panteon.Host\Panteon.Host.csproj", "{EEA10A38-9361-4722-AF85-B30BC8E49133}"
EndProject
Project("{2150E333-8FDC-42A3-9474-1A3956D46DE8}") = ".nuget", ".nuget", "{A6F9458B-353F-44A0-B771-BBF77522EF7A}"
	ProjectSection(SolutionItems) = preProject
		.nuget\NuGet.Config = .nuget\NuGet.Config
		.nuget\NuGet.exe = .nuget\NuGet.exe
		.nuget\NuGet.targets = .nuget\NuGet.targets
	EndProjectSection
EndProject
Global
	GlobalSection(SolutionConfigurationPlatforms) = preSolution
		Debug|Any CPU = Debug|Any CPU
		Release|Any CPU = Release|Any CPU
	EndGlobalSection
	GlobalSection(ProjectConfigurationPlatforms) = postSolution
		{6340B301-2BD6-4C40-97A1-486C5F979B21}.Debug|Any CPU.ActiveCfg = Debug|Any CPU
		{6340B301-2BD6-4C40-97A1-486C5F979B21}.Debug|Any CPU.Build.0 = Debug|Any CPU
		{6340B301-2BD6-4C40-97A1-486C5F979B21}.Release|Any CPU.ActiveCfg = Release|Any CPU
		{6340B301-2BD6-4C40-97A1-486C5F979B21}.Release|Any CPU.Build.0 = Release|Any CPU
		{EEA10A38-9361-4722-AF85-B30BC8E49133}.Debug|Any CPU.ActiveCfg = Debug|Any CPU
		{EEA10A38-9361-4722-AF85-B30BC8E49133}.Debug|Any CPU.Build.0 = Debug|Any CPU
		{EEA10A38-9361-4722-AF85-B30BC8E49133}.Release|Any CPU.ActiveCfg = Release|Any CPU
		{EEA10A38-9361-4722-AF85-B30BC8E49133}.Release|Any CPU.Build.0 = Release|Any CPU
	EndGlobalSection
	GlobalSection(SolutionProperties) = preSolution
		HideSolutionNode = FALSE
	EndGlobalSection
EndGlobal
